<?xml version="1.0" encoding="utf-8"?>
<Project ToolsVersion="4.0" xmlns="http://schemas.microsoft.com/developer/msbuild/2003">
  <ItemGroup>
    <Filter Include="Source Files">
      <UniqueIdentifier>{4FC737F1-C7A5-4376-A066-2A32D752A2FF}</UniqueIdentifier>
      <Extensions>cpp;c;cc;cxx;def;odl;idl;hpj;bat;asm;asmx</Extensions>
    </Filter>
    <Filter Include="Header Files">
      <UniqueIdentifier>{93995380-89BD-4b04-88EB-625FBE52EBFB}</UniqueIdentifier>
      <Extensions>h;hpp;hxx;hm;inl;inc;xsd</Extensions>
    </Filter>
    <Filter Include="Resource Files">
      <UniqueIdentifier>{67DA6AB6-F800-4c08-8B7A-83BB121AAD01}</UniqueIdentifier>
      <Extensions>rc;ico;cur;bmp;dlg;rc2;rct;bin;rgs;gif;jpg;jpeg;jpe;resx;tiff;tif;png;wav;mfcribbon-ms</Extensions>
    </Filter>
  </ItemGroup>
  <ItemGroup>
    <ClCompile Include="..\..\MuReva_LCU_Demo_resources.c">
      <Filter>Source Files</Filter>
    </ClCompile>
    <ClCompile Include="..\..\MuReva_LCU_Demo_specifications.c">
      <Filter>Source Files</Filter>
    </ClCompile>
    <ClCompile Include="..\..\LCU_Simulator_Main.c">
      <Filter>Source Files</Filter>
    </ClCompile>
    <ClCompile Include="..\..\SplashScreen_Handler.c">
      <Filter>Source Files</Filter>
    </ClCompile>
    <ClCompile Include="..\..\Sample_Tick_Window_Handler.c">
      <Filter>Source Files</Filter>
    </ClCompile>
    <ClCompile Include="..\..\InsertMouthpiece_Screen_Handler.c">
      <Filter>Source Files</Filter>
    </ClCompile>
    <ClCompile Include="..\..\Error_Screen_Handler.c">
      <Filter>Source Files</Filter>
    </ClCompile>
    <ClCompile Include="..\..\Reading_Screen_Handler.c">
      <Filter>Source Files</Filter>
    </ClCompile>
    <ClCompile Include="..\..\ConfirmSerialNumber_Screen_Handler.c">
      <Filter>Source Files</Filter>
    </ClCompile>
    <ClCompile Include="..\..\ReadingError_Screen_Handler.c">
      <Filter>Source Files</Filter>
    </ClCompile>
    <ClCompile Include="..\..\DailyLimitReachedError_Screen_Handler.c">
      <Filter>Source Files</Filter>
    </ClCompile>
    <ClCompile Include="..\..\Expired_Error_Screen_Handler.c">
      <Filter>Source Files</Filter>
    </ClCompile>
    <ClCompile Include="..\..\Standby_Screen_Handler.c">
      <Filter>Source Files</Filter>
    </ClCompile>
    <ClCompile Include="..\..\PressToStart_Screen_Handler.c">
      <Filter>Source Files</Filter>
    </ClCompile>
    <ClCompile Include="..\..\TherapyScreen_Handler.c">
      <Filter>Source Files</Filter>
    </ClCompile>
    <ClCompile Include="..\..\TherapyComplete_Screen_Handler.c">
      <Filter>Source Files</Filter>
    </ClCompile>
    <ClCompile Include="..\..\MouthpieceDetached_Screen_Handler.c">
      <Filter>Source Files</Filter>
    </ClCompile>
    <ClCompile Include="..\..\PressToResume_Screen_Handler.c">
      <Filter>Source Files</Filter>
    </ClCompile>
  </ItemGroup>
  <ItemGroup>
    <ClInclude Include="..\..\MuReva_LCU_Demo_resources.h">
      <Filter>Header Files</Filter>
    </ClInclude>
    <ClInclude Include="..\..\MuReva_LCU_Demo_specifications.h">
      <Filter>Header Files</Filter>
    </ClInclude>
    <ClInclude Include="..\..\LCU_Simulator_Main.h">
      <Filter>Header Files</Filter>
    </ClInclude>
    <ClInclude Include="..\..\LCU_Demo.h">
      <Filter>Header Files</Filter>
    </ClInclude>
  </ItemGroup>
</Project>